
Microsoft Visual Studio Solution File, Format Version 12.00
# Visual Studio 15
VisualStudioVersion = 15.0.27428.2043
MinimumVisualStudioVersion = 10.0.40219.1
Project("{FAE04EC0-301F-11D3-BF4B-00C04F79EFBC}") = "Conduit.API", "Conduit.API\Conduit.API.csproj", "{CA11EFCF-AAD5-4907-A18E-A65465CE3AC3}"
EndProject
Project("{FAE04EC0-301F-11D3-BF4B-00C04F79EFBC}") = "Conduit.API.Tests.Integration", "Conduit.API.Tests.Integration\Conduit.API.Tests.Integration.csproj", "{41354E03-8F46-47D0-AB6E-628A67832FD8}"
EndProject
Project("{FAE04EC0-301F-11D3-BF4B-00C04F79EFBC}") = "App.Users.Domain", "App.Users.Domain\App.Users.Domain.csproj", "{5498CD4B-C15A-47F1-A85B-917C4BACB335}"
EndProject
Project("{FAE04EC0-301F-11D3-BF4B-00C04F79EFBC}") = "App.Users.Domain.Tests.Unit", "App.Users.Domain.Tests.Unit\App.Users.Domain.Tests.Unit.csproj", "{3BBBCD3C-A851-4117-9F13-FC2CA43BA9CB}"
EndProject
Project("{FAE04EC0-301F-11D3-BF4B-00C04F79EFBC}") = "App.Core", "App.Core\App.Core.csproj", "{7DE296F6-F055-4B5D-A9D0-FF410A5A1AF8}"
EndProject
Project("{FAE04EC0-301F-11D3-BF4B-00C04F79EFBC}") = "App.Users.Domain.Contracts", "App.Users.Domain.Contracts\App.Users.Domain.Contracts.csproj", "{3B8A620A-56F2-422A-81CA-93A94426E7CA}"
EndProject
Project("{FAE04EC0-301F-11D3-BF4B-00C04F79EFBC}") = "App.Core.Tests.Unit", "App.Core.Tests.Unit\App.Core.Tests.Unit.csproj", "{3687684A-9CD0-4AB8-999F-9AE6C1391589}"
EndProject
Project("{FAE04EC0-301F-11D3-BF4B-00C04F79EFBC}") = "App.Core.Testing", "App.Core.Testing\App.Core.Testing.csproj", "{E5D6159D-B8C6-47C9-9AB2-72163DCEEB6D}"
EndProject
Project("{2150E333-8FDC-42A3-9474-1A3956D46DE8}") = "FitnessFunctions", "FitnessFunctions", "{CF744F7C-DF0D-4AD9-A19D-F08F418D41C7}"
EndProject
Project("{FAE04EC0-301F-11D3-BF4B-00C04F79EFBC}") = "App.FitnessFunctions.ArchitectureTests", "App.FitnessFunctions.ArchitectureTests\App.FitnessFunctions.ArchitectureTests.csproj", "{12DDDC0A-472B-42B9-BEF1-E78F35A3091A}"
EndProject
Project("{2150E333-8FDC-42A3-9474-1A3956D46DE8}") = "App", "App", "{47341F65-D512-421C-809D-6BB36CE52C53}"
	ProjectSection(SolutionItems) = preProject
		Directory.Build.props = Directory.Build.props
		Dockerfile = Dockerfile
	EndProjectSection
EndProject
Project("{2150E333-8FDC-42A3-9474-1A3956D46DE8}") = "DevOps", "DevOps", "{15829510-7835-4630-BA28-B7955FC6108F}"
EndProject
Project("{2150E333-8FDC-42A3-9474-1A3956D46DE8}") = "AppTemplates", "AppTemplates", "{6FC2BBD5-038B-42CC-8851-98D417A6BEF3}"
EndProject
Project("{2150E333-8FDC-42A3-9474-1A3956D46DE8}") = "Module", "Module", "{69E5A151-D135-47D9-AF4D-26F8BC2A2CA9}"
	ProjectSection(SolutionItems) = preProject
		generate_module.sh = generate_module.sh
		generate_module_contracts_project.sh = generate_module_contracts_project.sh
		generate_module_domain_project.sh = generate_module_domain_project.sh
		generate_module_unit_test_project.sh = generate_module_unit_test_project.sh
	EndProjectSection
EndProject
Project("{FAE04EC0-301F-11D3-BF4B-00C04F79EFBC}") = "App.Content.Domain.Tests.Unit", "App.Content.Domain.Tests.Unit\App.Content.Domain.Tests.Unit.csproj", "{76A4D29F-106D-48CC-A90E-237B9A380CED}"
EndProject
Project("{FAE04EC0-301F-11D3-BF4B-00C04F79EFBC}") = "App.Content.Domain.Contracts", "App.Content.Domain.Contracts\App.Content.Domain.Contracts.csproj", "{D32F1E47-24AD-4BBE-B025-6109BFC1FD7A}"
EndProject
Project("{FAE04EC0-301F-11D3-BF4B-00C04F79EFBC}") = "App.Content.Domain", "App.Content.Domain\App.Content.Domain.csproj", "{F986C723-4638-4800-BFF0-DA59B5CF3CB9}"
EndProject
Project("{FAE04EC0-301F-11D3-BF4B-00C04F79EFBC}") = "App.ModuleName.Domain.Contracts", "App.ModuleName.Domain.Contracts\App.ModuleName.Domain.Contracts.csproj", "{BBE60FAC-3CD6-4A32-87C7-305C5E78D7AB}"
EndProject
Project("{FAE04EC0-301F-11D3-BF4B-00C04F79EFBC}") = "App.ModuleName.Domain", "App.ModuleName.Domain\App.ModuleName.Domain.csproj", "{53E2C3FA-E6AA-44F0-9D6B-959D6FD84AEA}"
EndProject
Project("{FAE04EC0-301F-11D3-BF4B-00C04F79EFBC}") = "App.ModuleName.Domain.Tests.Unit", "App.ModuleName.Domain.Tests.Unit\App.ModuleName.Domain.Tests.Unit.csproj", "{4ABD71E0-D56C-4665-A5CC-47F2A119B724}"
EndProject
Project("{FAE04EC0-301F-11D3-BF4B-00C04F79EFBC}") = "App.Feed.Domain.Contracts", "App.Feed.Domain.Contracts\App.Feed.Domain.Contracts.csproj", "{40E787AE-C51D-4203-8586-F528EABAC849}"
EndProject
Project("{FAE04EC0-301F-11D3-BF4B-00C04F79EFBC}") = "App.Feed.Domain", "App.Feed.Domain\App.Feed.Domain.csproj", "{A37BD906-9420-44FA-ABFD-106710144DB7}"
EndProject
Project("{FAE04EC0-301F-11D3-BF4B-00C04F79EFBC}") = "App.Feed.Domain.Tests.Unit", "App.Feed.Domain.Tests.Unit\App.Feed.Domain.Tests.Unit.csproj", "{93AD7623-F2F0-4100-97A6-ED80D6919012}"
EndProject
Project("{2150E333-8FDC-42A3-9474-1A3956D46DE8}") = "Operation", "Operation", "{3A609C99-32B3-4B28-8B65-1E58BC0A86D3}"
	ProjectSection(SolutionItems) = preProject
		generate_operation.sh = generate_operation.sh
		generate_operation_command.sh = generate_operation_command.sh
		generate_operation_query.sh = generate_operation_query.sh
	EndProjectSection
EndProject
Project("{2150E333-8FDC-42A3-9474-1A3956D46DE8}") = "Contract", "Contract", "{3536CDE7-4380-4CDA-908F-B9466D6E2F5E}"
	ProjectSection(SolutionItems) = preProject
		App.ModuleName.Domain.Contracts\Operations\Commands\UpdateExample\.template.config\template.json = App.ModuleName.Domain.Contracts\Operations\Commands\UpdateExample\.template.config\template.json
		App.ModuleName.Domain.Contracts\Operations\Commands\UpdateExample\UpdateExampleCommand.cs = App.ModuleName.Domain.Contracts\Operations\Commands\UpdateExample\UpdateExampleCommand.cs
		App.ModuleName.Domain.Contracts\Operations\Commands\UpdateExample\UpdateExampleCommandResult.cs = App.ModuleName.Domain.Contracts\Operations\Commands\UpdateExample\UpdateExampleCommandResult.cs
	EndProjectSection
EndProject
Project("{2150E333-8FDC-42A3-9474-1A3956D46DE8}") = "Body", "Body", "{13364BF9-85BD-4B27-9F16-5D4866D1800E}"
	ProjectSection(SolutionItems) = preProject
		App.ModuleName.Domain\Operations\Commands\UpdateExample\.template.config\template.json = App.ModuleName.Domain\Operations\Commands\UpdateExample\.template.config\template.json
		App.ModuleName.Domain\Operations\Commands\UpdateExample\UpdateExampleCommandHandler.cs = App.ModuleName.Domain\Operations\Commands\UpdateExample\UpdateExampleCommandHandler.cs
		App.ModuleName.Domain\Operations\Commands\UpdateExample\UpdateExampleCommandValidator.cs = App.ModuleName.Domain\Operations\Commands\UpdateExample\UpdateExampleCommandValidator.cs
	EndProjectSection
EndProject
Project("{2150E333-8FDC-42A3-9474-1A3956D46DE8}") = "Domain", "Domain", "{D351458F-B08A-42A4-9241-7D6D07737999}"
EndProject
Project("{2150E333-8FDC-42A3-9474-1A3956D46DE8}") = "Framework", "Framework", "{DA119186-918B-4B4C-BCA6-F8B04D7A03A9}"
EndProject
Project("{2150E333-8FDC-42A3-9474-1A3956D46DE8}") = "API", "API", "{A93E69B9-2B9B-4924-9C10-D99C3447021A}"
EndProject
Project("{2150E333-8FDC-42A3-9474-1A3956D46DE8}") = "UnitTest", "UnitTest", "{DF6F4B95-7760-49B8-AF3F-4AAE0C3B7F24}"
	ProjectSection(SolutionItems) = preProject
		App.ModuleName.Domain.Tests.Unit\Operations\Commands\.template.config\template.json = App.ModuleName.Domain.Tests.Unit\Operations\Commands\.template.config\template.json
		App.ModuleName.Domain.Tests.Unit\Operations\Commands\UpdateExampleUnitTests.cs = App.ModuleName.Domain.Tests.Unit\Operations\Commands\UpdateExampleUnitTests.cs
	EndProjectSection
EndProject
Project("{2150E333-8FDC-42A3-9474-1A3956D46DE8}") = "Batect", "Batect", "{0D1D87FD-A9D8-4567-9C19-95DFD9D62922}"
EndProject
Project("{2150E333-8FDC-42A3-9474-1A3956D46DE8}") = "workflows", "workflows", "{759A2128-1826-42F8-899E-98B274F2B56A}"
	ProjectSection(SolutionItems) = preProject
		..\..\.github\workflows\pull-request-builder.yml = ..\..\.github\workflows\pull-request-builder.yml
		..\..\.github\workflows\continuous-deployment-pipeline.yml = ..\..\.github\workflows\continuous-deployment-pipeline.yml
		..\..\.github\workflows\pull-request-lint-actionlint.yml = ..\..\.github\workflows\pull-request-lint-actionlint.yml
		..\..\.github\workflows\pull-request-lint-dockerfile.yml = ..\..\.github\workflows\pull-request-lint-dockerfile.yml
		..\..\.github\workflows\pull-request-lint-shellcheck.yml = ..\..\.github\workflows\pull-request-lint-shellcheck.yml
		..\..\.github\workflows\pull-request-lint-commit.yml = ..\..\.github\workflows\pull-request-lint-commit.yml
	EndProjectSection
EndProject
Project("{2150E333-8FDC-42A3-9474-1A3956D46DE8}") = "Tools", "Tools", "{4AF5FA7B-5229-4FCF-ACEF-A67BA70C43DB}"
	ProjectSection(SolutionItems) = preProject
		..\..\DevOps\Batect\Tools\commit_lint.sh = ..\..\DevOps\Batect\Tools\commit_lint.sh
		..\..\DevOps\Batect\Tools\Dockerfile = ..\..\DevOps\Batect\Tools\Dockerfile
		..\..\DevOps\Batect\Tools\scrub_db.sh = ..\..\DevOps\Batect\Tools\scrub_db.sh
	EndProjectSection
EndProject
Project("{2150E333-8FDC-42A3-9474-1A3956D46DE8}") = "ApiTests", "ApiTests", "{6A1B8860-E624-43D7-9228-29962AC30072}"
	ProjectSection(SolutionItems) = preProject
		..\..\DevOps\Batect\ApiTests\Conduit.postman_collection.json = ..\..\DevOps\Batect\ApiTests\Conduit.postman_collection.json
	EndProjectSection
EndProject
Project("{2150E333-8FDC-42A3-9474-1A3956D46DE8}") = ".github", ".github", "{A516B4C6-6A04-448C-BBE8-3A6D3B641C20}"
EndProject
Project("{2150E333-8FDC-42A3-9474-1A3956D46DE8}") = ".", ".", "{4585C59E-3947-458A-B981-39DBA50BF644}"
	ProjectSection(SolutionItems) = preProject
		..\..\batect.yml = ..\..\batect.yml
		..\..\README.md = ..\..\README.md
		..\..\.gitignore = ..\..\.gitignore
		..\..\batect.cmd = ..\..\batect.cmd
		..\..\batect = ..\..\batect
		..\..\renovate.json = ..\..\renovate.json
	EndProjectSection
EndProject
Project("{2150E333-8FDC-42A3-9474-1A3956D46DE8}") = "sqlite", "sqlite", "{5787C468-D2B4-406B-83EA-7E14877FFC14}"
	ProjectSection(SolutionItems) = preProject
		..\..\sqlite\content_development.db = ..\..\sqlite\content_development.db
		..\..\sqlite\feed_development.db = ..\..\sqlite\feed_development.db
		..\..\sqlite\users_development.db = ..\..\sqlite\users_development.db
	EndProjectSection
EndProject
Global
	GlobalSection(SolutionConfigurationPlatforms) = preSolution
		Debug|Any CPU = Debug|Any CPU
		Release|Any CPU = Release|Any CPU
	EndGlobalSection
	GlobalSection(ProjectConfigurationPlatforms) = postSolution
		{CA11EFCF-AAD5-4907-A18E-A65465CE3AC3}.Debug|Any CPU.ActiveCfg = Debug|Any CPU
		{CA11EFCF-AAD5-4907-A18E-A65465CE3AC3}.Debug|Any CPU.Build.0 = Debug|Any CPU
		{CA11EFCF-AAD5-4907-A18E-A65465CE3AC3}.Release|Any CPU.ActiveCfg = Release|Any CPU
		{CA11EFCF-AAD5-4907-A18E-A65465CE3AC3}.Release|Any CPU.Build.0 = Release|Any CPU
		{41354E03-8F46-47D0-AB6E-628A67832FD8}.Debug|Any CPU.ActiveCfg = Debug|Any CPU
		{41354E03-8F46-47D0-AB6E-628A67832FD8}.Debug|Any CPU.Build.0 = Debug|Any CPU
		{41354E03-8F46-47D0-AB6E-628A67832FD8}.Release|Any CPU.ActiveCfg = Release|Any CPU
		{41354E03-8F46-47D0-AB6E-628A67832FD8}.Release|Any CPU.Build.0 = Release|Any CPU
		{5498CD4B-C15A-47F1-A85B-917C4BACB335}.Debug|Any CPU.ActiveCfg = Debug|Any CPU
		{5498CD4B-C15A-47F1-A85B-917C4BACB335}.Debug|Any CPU.Build.0 = Debug|Any CPU
		{5498CD4B-C15A-47F1-A85B-917C4BACB335}.Release|Any CPU.ActiveCfg = Release|Any CPU
		{5498CD4B-C15A-47F1-A85B-917C4BACB335}.Release|Any CPU.Build.0 = Release|Any CPU
		{3BBBCD3C-A851-4117-9F13-FC2CA43BA9CB}.Debug|Any CPU.ActiveCfg = Debug|Any CPU
		{3BBBCD3C-A851-4117-9F13-FC2CA43BA9CB}.Debug|Any CPU.Build.0 = Debug|Any CPU
		{3BBBCD3C-A851-4117-9F13-FC2CA43BA9CB}.Release|Any CPU.ActiveCfg = Release|Any CPU
		{3BBBCD3C-A851-4117-9F13-FC2CA43BA9CB}.Release|Any CPU.Build.0 = Release|Any CPU
		{7DE296F6-F055-4B5D-A9D0-FF410A5A1AF8}.Debug|Any CPU.ActiveCfg = Debug|Any CPU
		{7DE296F6-F055-4B5D-A9D0-FF410A5A1AF8}.Debug|Any CPU.Build.0 = Debug|Any CPU
		{7DE296F6-F055-4B5D-A9D0-FF410A5A1AF8}.Release|Any CPU.ActiveCfg = Release|Any CPU
		{7DE296F6-F055-4B5D-A9D0-FF410A5A1AF8}.Release|Any CPU.Build.0 = Release|Any CPU
		{3B8A620A-56F2-422A-81CA-93A94426E7CA}.Debug|Any CPU.ActiveCfg = Debug|Any CPU
		{3B8A620A-56F2-422A-81CA-93A94426E7CA}.Debug|Any CPU.Build.0 = Debug|Any CPU
		{3B8A620A-56F2-422A-81CA-93A94426E7CA}.Release|Any CPU.ActiveCfg = Release|Any CPU
		{3B8A620A-56F2-422A-81CA-93A94426E7CA}.Release|Any CPU.Build.0 = Release|Any CPU
		{3687684A-9CD0-4AB8-999F-9AE6C1391589}.Debug|Any CPU.ActiveCfg = Debug|Any CPU
		{3687684A-9CD0-4AB8-999F-9AE6C1391589}.Debug|Any CPU.Build.0 = Debug|Any CPU
		{3687684A-9CD0-4AB8-999F-9AE6C1391589}.Release|Any CPU.ActiveCfg = Release|Any CPU
		{3687684A-9CD0-4AB8-999F-9AE6C1391589}.Release|Any CPU.Build.0 = Release|Any CPU
		{E5D6159D-B8C6-47C9-9AB2-72163DCEEB6D}.Debug|Any CPU.ActiveCfg = Debug|Any CPU
		{E5D6159D-B8C6-47C9-9AB2-72163DCEEB6D}.Debug|Any CPU.Build.0 = Debug|Any CPU
		{E5D6159D-B8C6-47C9-9AB2-72163DCEEB6D}.Release|Any CPU.ActiveCfg = Release|Any CPU
		{E5D6159D-B8C6-47C9-9AB2-72163DCEEB6D}.Release|Any CPU.Build.0 = Release|Any CPU
		{12DDDC0A-472B-42B9-BEF1-E78F35A3091A}.Debug|Any CPU.ActiveCfg = Debug|Any CPU
		{12DDDC0A-472B-42B9-BEF1-E78F35A3091A}.Debug|Any CPU.Build.0 = Debug|Any CPU
		{12DDDC0A-472B-42B9-BEF1-E78F35A3091A}.Release|Any CPU.ActiveCfg = Release|Any CPU
		{12DDDC0A-472B-42B9-BEF1-E78F35A3091A}.Release|Any CPU.Build.0 = Release|Any CPU
		{76A4D29F-106D-48CC-A90E-237B9A380CED}.Debug|Any CPU.ActiveCfg = Debug|Any CPU
		{76A4D29F-106D-48CC-A90E-237B9A380CED}.Debug|Any CPU.Build.0 = Debug|Any CPU
		{76A4D29F-106D-48CC-A90E-237B9A380CED}.Release|Any CPU.ActiveCfg = Release|Any CPU
		{76A4D29F-106D-48CC-A90E-237B9A380CED}.Release|Any CPU.Build.0 = Release|Any CPU
		{D32F1E47-24AD-4BBE-B025-6109BFC1FD7A}.Debug|Any CPU.ActiveCfg = Debug|Any CPU
		{D32F1E47-24AD-4BBE-B025-6109BFC1FD7A}.Debug|Any CPU.Build.0 = Debug|Any CPU
		{D32F1E47-24AD-4BBE-B025-6109BFC1FD7A}.Release|Any CPU.ActiveCfg = Release|Any CPU
		{D32F1E47-24AD-4BBE-B025-6109BFC1FD7A}.Release|Any CPU.Build.0 = Release|Any CPU
		{F986C723-4638-4800-BFF0-DA59B5CF3CB9}.Debug|Any CPU.ActiveCfg = Debug|Any CPU
		{F986C723-4638-4800-BFF0-DA59B5CF3CB9}.Debug|Any CPU.Build.0 = Debug|Any CPU
		{F986C723-4638-4800-BFF0-DA59B5CF3CB9}.Release|Any CPU.ActiveCfg = Release|Any CPU
		{F986C723-4638-4800-BFF0-DA59B5CF3CB9}.Release|Any CPU.Build.0 = Release|Any CPU
		{BBE60FAC-3CD6-4A32-87C7-305C5E78D7AB}.Debug|Any CPU.ActiveCfg = Debug|Any CPU
		{BBE60FAC-3CD6-4A32-87C7-305C5E78D7AB}.Debug|Any CPU.Build.0 = Debug|Any CPU
		{BBE60FAC-3CD6-4A32-87C7-305C5E78D7AB}.Release|Any CPU.ActiveCfg = Release|Any CPU
		{BBE60FAC-3CD6-4A32-87C7-305C5E78D7AB}.Release|Any CPU.Build.0 = Release|Any CPU
		{53E2C3FA-E6AA-44F0-9D6B-959D6FD84AEA}.Debug|Any CPU.ActiveCfg = Debug|Any CPU
		{53E2C3FA-E6AA-44F0-9D6B-959D6FD84AEA}.Debug|Any CPU.Build.0 = Debug|Any CPU
		{53E2C3FA-E6AA-44F0-9D6B-959D6FD84AEA}.Release|Any CPU.ActiveCfg = Release|Any CPU
		{53E2C3FA-E6AA-44F0-9D6B-959D6FD84AEA}.Release|Any CPU.Build.0 = Release|Any CPU
		{4ABD71E0-D56C-4665-A5CC-47F2A119B724}.Debug|Any CPU.ActiveCfg = Debug|Any CPU
		{4ABD71E0-D56C-4665-A5CC-47F2A119B724}.Debug|Any CPU.Build.0 = Debug|Any CPU
		{4ABD71E0-D56C-4665-A5CC-47F2A119B724}.Release|Any CPU.ActiveCfg = Release|Any CPU
		{4ABD71E0-D56C-4665-A5CC-47F2A119B724}.Release|Any CPU.Build.0 = Release|Any CPU
		{40E787AE-C51D-4203-8586-F528EABAC849}.Debug|Any CPU.ActiveCfg = Debug|Any CPU
		{40E787AE-C51D-4203-8586-F528EABAC849}.Debug|Any CPU.Build.0 = Debug|Any CPU
		{40E787AE-C51D-4203-8586-F528EABAC849}.Release|Any CPU.ActiveCfg = Release|Any CPU
		{40E787AE-C51D-4203-8586-F528EABAC849}.Release|Any CPU.Build.0 = Release|Any CPU
		{A37BD906-9420-44FA-ABFD-106710144DB7}.Debug|Any CPU.ActiveCfg = Debug|Any CPU
		{A37BD906-9420-44FA-ABFD-106710144DB7}.Debug|Any CPU.Build.0 = Debug|Any CPU
		{A37BD906-9420-44FA-ABFD-106710144DB7}.Release|Any CPU.ActiveCfg = Release|Any CPU
		{A37BD906-9420-44FA-ABFD-106710144DB7}.Release|Any CPU.Build.0 = Release|Any CPU
		{93AD7623-F2F0-4100-97A6-ED80D6919012}.Debug|Any CPU.ActiveCfg = Debug|Any CPU
		{93AD7623-F2F0-4100-97A6-ED80D6919012}.Debug|Any CPU.Build.0 = Debug|Any CPU
		{93AD7623-F2F0-4100-97A6-ED80D6919012}.Release|Any CPU.ActiveCfg = Release|Any CPU
		{93AD7623-F2F0-4100-97A6-ED80D6919012}.Release|Any CPU.Build.0 = Release|Any CPU
	EndGlobalSection
	GlobalSection(SolutionProperties) = preSolution
		HideSolutionNode = FALSE
	EndGlobalSection
	GlobalSection(NestedProjects) = preSolution
		{12DDDC0A-472B-42B9-BEF1-E78F35A3091A} = {CF744F7C-DF0D-4AD9-A19D-F08F418D41C7}
		{69E5A151-D135-47D9-AF4D-26F8BC2A2CA9} = {6FC2BBD5-038B-42CC-8851-98D417A6BEF3}
		{3A609C99-32B3-4B28-8B65-1E58BC0A86D3} = {6FC2BBD5-038B-42CC-8851-98D417A6BEF3}
		{3536CDE7-4380-4CDA-908F-B9466D6E2F5E} = {3A609C99-32B3-4B28-8B65-1E58BC0A86D3}
		{13364BF9-85BD-4B27-9F16-5D4866D1800E} = {3A609C99-32B3-4B28-8B65-1E58BC0A86D3}
		{D351458F-B08A-42A4-9241-7D6D07737999} = {47341F65-D512-421C-809D-6BB36CE52C53}
		{DA119186-918B-4B4C-BCA6-F8B04D7A03A9} = {47341F65-D512-421C-809D-6BB36CE52C53}
		{A93E69B9-2B9B-4924-9C10-D99C3447021A} = {47341F65-D512-421C-809D-6BB36CE52C53}
		{7DE296F6-F055-4B5D-A9D0-FF410A5A1AF8} = {DA119186-918B-4B4C-BCA6-F8B04D7A03A9}
		{E5D6159D-B8C6-47C9-9AB2-72163DCEEB6D} = {DA119186-918B-4B4C-BCA6-F8B04D7A03A9}
		{3687684A-9CD0-4AB8-999F-9AE6C1391589} = {DA119186-918B-4B4C-BCA6-F8B04D7A03A9}
		{CA11EFCF-AAD5-4907-A18E-A65465CE3AC3} = {A93E69B9-2B9B-4924-9C10-D99C3447021A}
		{41354E03-8F46-47D0-AB6E-628A67832FD8} = {A93E69B9-2B9B-4924-9C10-D99C3447021A}
		{F986C723-4638-4800-BFF0-DA59B5CF3CB9} = {D351458F-B08A-42A4-9241-7D6D07737999}
		{D32F1E47-24AD-4BBE-B025-6109BFC1FD7A} = {D351458F-B08A-42A4-9241-7D6D07737999}
		{76A4D29F-106D-48CC-A90E-237B9A380CED} = {D351458F-B08A-42A4-9241-7D6D07737999}
		{A37BD906-9420-44FA-ABFD-106710144DB7} = {D351458F-B08A-42A4-9241-7D6D07737999}
		{40E787AE-C51D-4203-8586-F528EABAC849} = {D351458F-B08A-42A4-9241-7D6D07737999}
		{93AD7623-F2F0-4100-97A6-ED80D6919012} = {D351458F-B08A-42A4-9241-7D6D07737999}
		{5498CD4B-C15A-47F1-A85B-917C4BACB335} = {D351458F-B08A-42A4-9241-7D6D07737999}
		{3B8A620A-56F2-422A-81CA-93A94426E7CA} = {D351458F-B08A-42A4-9241-7D6D07737999}
		{3BBBCD3C-A851-4117-9F13-FC2CA43BA9CB} = {D351458F-B08A-42A4-9241-7D6D07737999}
		{BBE60FAC-3CD6-4A32-87C7-305C5E78D7AB} = {69E5A151-D135-47D9-AF4D-26F8BC2A2CA9}
		{53E2C3FA-E6AA-44F0-9D6B-959D6FD84AEA} = {69E5A151-D135-47D9-AF4D-26F8BC2A2CA9}
		{4ABD71E0-D56C-4665-A5CC-47F2A119B724} = {69E5A151-D135-47D9-AF4D-26F8BC2A2CA9}
		{DF6F4B95-7760-49B8-AF3F-4AAE0C3B7F24} = {3A609C99-32B3-4B28-8B65-1E58BC0A86D3}
		{0D1D87FD-A9D8-4567-9C19-95DFD9D62922} = {15829510-7835-4630-BA28-B7955FC6108F}
		{4AF5FA7B-5229-4FCF-ACEF-A67BA70C43DB} = {0D1D87FD-A9D8-4567-9C19-95DFD9D62922}
		{6A1B8860-E624-43D7-9228-29962AC30072} = {0D1D87FD-A9D8-4567-9C19-95DFD9D62922}
		{759A2128-1826-42F8-899E-98B274F2B56A} = {A516B4C6-6A04-448C-BBE8-3A6D3B641C20}
		{6FC2BBD5-038B-42CC-8851-98D417A6BEF3} = {47341F65-D512-421C-809D-6BB36CE52C53}
		{CF744F7C-DF0D-4AD9-A19D-F08F418D41C7} = {47341F65-D512-421C-809D-6BB36CE52C53}
	EndGlobalSection
EndGlobal
