
Microsoft Visual Studio Solution File, Format Version 12.00
# Visual Studio 15
VisualStudioVersion = 15.0.27428.2043
MinimumVisualStudioVersion = 10.0.40219.1
Project("{FAE04EC0-301F-11D3-BF4B-00C04F79EFBC}") = "Conduit.API", "Conduit.API\Conduit.API.csproj", "{CA11EFCF-AAD5-4907-A18E-A65465CE3AC3}"
EndProject
Project("{FAE04EC0-301F-11D3-BF4B-00C04F79EFBC}") = "Conduit.API.Tests.Integration", "Conduit.API.Tests.Integration\Conduit.API.Tests.Integration.csproj", "{41354E03-8F46-47D0-AB6E-628A67832FD8}"
EndProject
Project("{FAE04EC0-301F-11D3-BF4B-00C04F79EFBC}") = "Application.Users.Domain", "Application.Users.Domain\Application.Users.Domain.csproj", "{5498CD4B-C15A-47F1-A85B-917C4BACB335}"
EndProject
Project("{FAE04EC0-301F-11D3-BF4B-00C04F79EFBC}") = "Application.Users.Domain.Tests.Unit", "Application.Users.Domain.Tests.Unit\Application.Users.Domain.Tests.Unit.csproj", "{3BBBCD3C-A851-4117-9F13-FC2CA43BA9CB}"
EndProject
Project("{FAE04EC0-301F-11D3-BF4B-00C04F79EFBC}") = "Application.Core", "Application.Core\Application.Core.csproj", "{7DE296F6-F055-4B5D-A9D0-FF410A5A1AF8}"
EndProject
Project("{FAE04EC0-301F-11D3-BF4B-00C04F79EFBC}") = "Application.Users.Domain.Contracts", "Application.Users.Domain.Contracts\Application.Users.Domain.Contracts.csproj", "{3B8A620A-56F2-422A-81CA-93A94426E7CA}"
EndProject
Project("{FAE04EC0-301F-11D3-BF4B-00C04F79EFBC}") = "Application.Core.Tests.Unit", "Application.Core.Tests.Unit\Application.Core.Tests.Unit.csproj", "{3687684A-9CD0-4AB8-999F-9AE6C1391589}"
EndProject
Project("{FAE04EC0-301F-11D3-BF4B-00C04F79EFBC}") = "Application.Social.Domain", "Application.Social.Domain\Application.Social.Domain.csproj", "{0024039A-630B-47C4-B088-B847DED181EE}"
EndProject
Project("{FAE04EC0-301F-11D3-BF4B-00C04F79EFBC}") = "Application.Feed.Domain", "Application.Feed.Domain\Application.Feed.Domain.csproj", "{2161BE15-078D-4594-AB6E-EE0EDD74856E}"
EndProject
Project("{2150E333-8FDC-42A3-9474-1A3956D46DE8}") = "Users", "Users", "{3BB27DFA-1924-41B2-B7FB-253DD70969DD}"
EndProject
Project("{2150E333-8FDC-42A3-9474-1A3956D46DE8}") = "Content", "Content", "{A91C72F6-EC8F-44E3-9C06-A0C792DE04B1}"
EndProject
Project("{2150E333-8FDC-42A3-9474-1A3956D46DE8}") = "Social", "Social", "{6BB295EB-ABC1-4B3E-BED3-6EABC9D245EA}"
EndProject
Project("{2150E333-8FDC-42A3-9474-1A3956D46DE8}") = "Feed", "Feed", "{920FDA89-3E6F-4B68-B83E-073DA03DCE44}"
EndProject
Project("{2150E333-8FDC-42A3-9474-1A3956D46DE8}") = "Core", "Core", "{5955EC86-B466-4CD2-8304-1FCA4AFE8E2F}"
	ProjectSection(SolutionItems) = preProject
		Directory.Build.props = Directory.Build.props
	EndProjectSection
EndProject
Project("{2150E333-8FDC-42A3-9474-1A3956D46DE8}") = "API", "API", "{A6D64D3F-4AD0-4DCA-B774-F526EF32DC5C}"
EndProject
Project("{FAE04EC0-301F-11D3-BF4B-00C04F79EFBC}") = "Application.Core.Testing", "Application.Core.Testing\Application.Core.Testing.csproj", "{E5D6159D-B8C6-47C9-9AB2-72163DCEEB6D}"
EndProject
Project("{2150E333-8FDC-42A3-9474-1A3956D46DE8}") = "FitnessFunctions", "FitnessFunctions", "{CF744F7C-DF0D-4AD9-A19D-F08F418D41C7}"
EndProject
Project("{FAE04EC0-301F-11D3-BF4B-00C04F79EFBC}") = "Application.FitnessFunctions.ArchitectureTests", "Application.FitnessFunctions.ArchitectureTests\Application.FitnessFunctions.ArchitectureTests.csproj", "{12DDDC0A-472B-42B9-BEF1-E78F35A3091A}"
EndProject
Project("{2150E333-8FDC-42A3-9474-1A3956D46DE8}") = "App", "App", "{47341F65-D512-421C-809D-6BB36CE52C53}"
EndProject
Project("{2150E333-8FDC-42A3-9474-1A3956D46DE8}") = "Scripts", "Scripts", "{15829510-7835-4630-BA28-B7955FC6108F}"
	ProjectSection(SolutionItems) = preProject
		..\..\build_n_run_tests.sh = ..\..\build_n_run_tests.sh
		..\..\stop_dev_dependencies.sh = ..\..\stop_dev_dependencies.sh
		..\..\stop_all.sh = ..\..\stop_all.sh
		..\..\run-api-tests.sh = ..\..\run-api-tests.sh
		..\..\build_n_run_dev_dependencies.sh = ..\..\build_n_run_dev_dependencies.sh
		..\..\build_n_run_backend.sh = ..\..\build_n_run_backend.sh
	EndProjectSection
EndProject
Project("{2150E333-8FDC-42A3-9474-1A3956D46DE8}") = "Docker", "Docker", "{21BB14D4-2021-4EFB-ABEA-31D8ED961492}"
	ProjectSection(SolutionItems) = preProject
		..\..\docker-compose.dev-dependencies.yml = ..\..\docker-compose.dev-dependencies.yml
		..\..\docker-compose.tests.yml = ..\..\docker-compose.tests.yml
		..\..\docker-compose.yml = ..\..\docker-compose.yml
		Conduit.API\Dockerfile = Conduit.API\Dockerfile
	EndProjectSection
EndProject
Project("{FAE04EC0-301F-11D3-BF4B-00C04F79EFBC}") = "Application.FitnessFunctions.MemoryTests", "Application.FitnessFunctions.MemoryTests\Application.FitnessFunctions.MemoryTests.csproj", "{647BF5D4-B836-44F3-AB2F-26254E6B97CA}"
EndProject
Project("{FAE04EC0-301F-11D3-BF4B-00C04F79EFBC}") = "Application.Social.Domain.Contracts", "Application.Social.Domain.Contracts\Application.Social.Domain.Contracts.csproj", "{0D1E9E45-1139-42B1-945C-157B6C80D526}"
EndProject
Project("{FAE04EC0-301F-11D3-BF4B-00C04F79EFBC}") = "Application.Social.Domain.Tests.Unit", "Application.Social.Domain.Tests.Unit\Application.Social.Domain.Tests.Unit.csproj", "{B1D08C3F-8FA3-4959-8EF0-2F9F7F46DC3A}"
EndProject
Project("{2150E333-8FDC-42A3-9474-1A3956D46DE8}") = "AppTemplates", "AppTemplates", "{6FC2BBD5-038B-42CC-8851-98D417A6BEF3}"
EndProject
Project("{FAE04EC0-301F-11D3-BF4B-00C04F79EFBC}") = "Application.ModuleName.Domain.Contracts", "..\..\DevOps\AppTemplates\Module\Application.ModuleName.Domain.Contracts\Application.ModuleName.Domain.Contracts.csproj", "{4C794195-4B72-4CBB-BF61-028833025E1C}"
EndProject
Project("{FAE04EC0-301F-11D3-BF4B-00C04F79EFBC}") = "Application.ModuleName.Domain.Tests.Unit", "..\..\DevOps\AppTemplates\Module\Application.ModuleName.Domain.Tests.Unit\Application.ModuleName.Domain.Tests.Unit.csproj", "{FCF4801B-FC1C-4715-B7BB-DAAF3E5E0700}"
EndProject
Project("{FAE04EC0-301F-11D3-BF4B-00C04F79EFBC}") = "Application.ModuleName.Domain", "..\..\DevOps\AppTemplates\Module\Application.ModuleName.Domain\Application.ModuleName.Domain.csproj", "{A8DBEAF7-B701-43A6-81F2-2BF2E1FFF574}"
EndProject
Project("{2150E333-8FDC-42A3-9474-1A3956D46DE8}") = "Module", "Module", "{69E5A151-D135-47D9-AF4D-26F8BC2A2CA9}"
EndProject
Project("{2150E333-8FDC-42A3-9474-1A3956D46DE8}") = ".template.config", ".template.config", "{231A6B7F-6825-4B29-A879-B539BDBCE0F7}"
	ProjectSection(SolutionItems) = preProject
		..\..\DevOps\AppTemplates\Module\.template.config\template.json = ..\..\DevOps\AppTemplates\Module\.template.config\template.json
	EndProjectSection
EndProject
Project("{FAE04EC0-301F-11D3-BF4B-00C04F79EFBC}") = "Application.Content.Domain.Tests.Unit", "Application.Content.Domain.Tests.Unit\Application.Content.Domain.Tests.Unit.csproj", "{76A4D29F-106D-48CC-A90E-237B9A380CED}"
EndProject
Project("{FAE04EC0-301F-11D3-BF4B-00C04F79EFBC}") = "Application.Content.Domain.Contracts", "Application.Content.Domain.Contracts\Application.Content.Domain.Contracts.csproj", "{D32F1E47-24AD-4BBE-B025-6109BFC1FD7A}"
EndProject
Project("{FAE04EC0-301F-11D3-BF4B-00C04F79EFBC}") = "Application.Content.Domain", "Application.Content.Domain\Application.Content.Domain.csproj", "{F986C723-4638-4800-BFF0-DA59B5CF3CB9}"
EndProject
Global
				GlobalSection(SolutionConfigurationPlatforms) = preSolution
								Debug|Any CPU = Debug|Any CPU
								Release|Any CPU = Release|Any CPU
				EndGlobalSection
				GlobalSection(ProjectConfigurationPlatforms) = postSolution
								{CA11EFCF-AAD5-4907-A18E-A65465CE3AC3}.Debug|Any CPU.ActiveCfg = Debug|Any CPU
								{CA11EFCF-AAD5-4907-A18E-A65465CE3AC3}.Debug|Any CPU.Build.0 = Debug|Any CPU
								{CA11EFCF-AAD5-4907-A18E-A65465CE3AC3}.Release|Any CPU.ActiveCfg = Release|Any CPU
								{CA11EFCF-AAD5-4907-A18E-A65465CE3AC3}.Release|Any CPU.Build.0 = Release|Any CPU
					{41354E03-8F46-47D0-AB6E-628A67832FD8}.Debug|Any CPU.ActiveCfg = Debug|Any CPU
					{41354E03-8F46-47D0-AB6E-628A67832FD8}.Debug|Any CPU.Build.0 = Debug|Any CPU
					{41354E03-8F46-47D0-AB6E-628A67832FD8}.Release|Any CPU.ActiveCfg = Release|Any CPU
					{41354E03-8F46-47D0-AB6E-628A67832FD8}.Release|Any CPU.Build.0 = Release|Any CPU
					{5498CD4B-C15A-47F1-A85B-917C4BACB335}.Debug|Any CPU.ActiveCfg = Debug|Any CPU
					{5498CD4B-C15A-47F1-A85B-917C4BACB335}.Debug|Any CPU.Build.0 = Debug|Any CPU
					{5498CD4B-C15A-47F1-A85B-917C4BACB335}.Release|Any CPU.ActiveCfg = Release|Any CPU
					{5498CD4B-C15A-47F1-A85B-917C4BACB335}.Release|Any CPU.Build.0 = Release|Any CPU
					{3BBBCD3C-A851-4117-9F13-FC2CA43BA9CB}.Debug|Any CPU.ActiveCfg = Debug|Any CPU
					{3BBBCD3C-A851-4117-9F13-FC2CA43BA9CB}.Debug|Any CPU.Build.0 = Debug|Any CPU
					{3BBBCD3C-A851-4117-9F13-FC2CA43BA9CB}.Release|Any CPU.ActiveCfg = Release|Any CPU
					{3BBBCD3C-A851-4117-9F13-FC2CA43BA9CB}.Release|Any CPU.Build.0 = Release|Any CPU
					{7DE296F6-F055-4B5D-A9D0-FF410A5A1AF8}.Debug|Any CPU.ActiveCfg = Debug|Any CPU
					{7DE296F6-F055-4B5D-A9D0-FF410A5A1AF8}.Debug|Any CPU.Build.0 = Debug|Any CPU
					{7DE296F6-F055-4B5D-A9D0-FF410A5A1AF8}.Release|Any CPU.ActiveCfg = Release|Any CPU
					{7DE296F6-F055-4B5D-A9D0-FF410A5A1AF8}.Release|Any CPU.Build.0 = Release|Any CPU
					{3B8A620A-56F2-422A-81CA-93A94426E7CA}.Debug|Any CPU.ActiveCfg = Debug|Any CPU
					{3B8A620A-56F2-422A-81CA-93A94426E7CA}.Debug|Any CPU.Build.0 = Debug|Any CPU
					{3B8A620A-56F2-422A-81CA-93A94426E7CA}.Release|Any CPU.ActiveCfg = Release|Any CPU
					{3B8A620A-56F2-422A-81CA-93A94426E7CA}.Release|Any CPU.Build.0 = Release|Any CPU
					{3687684A-9CD0-4AB8-999F-9AE6C1391589}.Debug|Any CPU.ActiveCfg = Debug|Any CPU
					{3687684A-9CD0-4AB8-999F-9AE6C1391589}.Debug|Any CPU.Build.0 = Debug|Any CPU
					{3687684A-9CD0-4AB8-999F-9AE6C1391589}.Release|Any CPU.ActiveCfg = Release|Any CPU
					{3687684A-9CD0-4AB8-999F-9AE6C1391589}.Release|Any CPU.Build.0 = Release|Any CPU
					{0024039A-630B-47C4-B088-B847DED181EE}.Debug|Any CPU.ActiveCfg = Debug|Any CPU
					{0024039A-630B-47C4-B088-B847DED181EE}.Debug|Any CPU.Build.0 = Debug|Any CPU
					{0024039A-630B-47C4-B088-B847DED181EE}.Release|Any CPU.ActiveCfg = Release|Any CPU
					{0024039A-630B-47C4-B088-B847DED181EE}.Release|Any CPU.Build.0 = Release|Any CPU
					{2161BE15-078D-4594-AB6E-EE0EDD74856E}.Debug|Any CPU.ActiveCfg = Debug|Any CPU
					{2161BE15-078D-4594-AB6E-EE0EDD74856E}.Debug|Any CPU.Build.0 = Debug|Any CPU
					{2161BE15-078D-4594-AB6E-EE0EDD74856E}.Release|Any CPU.ActiveCfg = Release|Any CPU
					{2161BE15-078D-4594-AB6E-EE0EDD74856E}.Release|Any CPU.Build.0 = Release|Any CPU
					{E5D6159D-B8C6-47C9-9AB2-72163DCEEB6D}.Debug|Any CPU.ActiveCfg = Debug|Any CPU
					{E5D6159D-B8C6-47C9-9AB2-72163DCEEB6D}.Debug|Any CPU.Build.0 = Debug|Any CPU
					{E5D6159D-B8C6-47C9-9AB2-72163DCEEB6D}.Release|Any CPU.ActiveCfg = Release|Any CPU
					{E5D6159D-B8C6-47C9-9AB2-72163DCEEB6D}.Release|Any CPU.Build.0 = Release|Any CPU
					{12DDDC0A-472B-42B9-BEF1-E78F35A3091A}.Debug|Any CPU.ActiveCfg = Debug|Any CPU
					{12DDDC0A-472B-42B9-BEF1-E78F35A3091A}.Debug|Any CPU.Build.0 = Debug|Any CPU
					{12DDDC0A-472B-42B9-BEF1-E78F35A3091A}.Release|Any CPU.ActiveCfg = Release|Any CPU
					{12DDDC0A-472B-42B9-BEF1-E78F35A3091A}.Release|Any CPU.Build.0 = Release|Any CPU
					{647BF5D4-B836-44F3-AB2F-26254E6B97CA}.Debug|Any CPU.ActiveCfg = Debug|Any CPU
					{647BF5D4-B836-44F3-AB2F-26254E6B97CA}.Debug|Any CPU.Build.0 = Debug|Any CPU
					{647BF5D4-B836-44F3-AB2F-26254E6B97CA}.Release|Any CPU.ActiveCfg = Release|Any CPU
					{647BF5D4-B836-44F3-AB2F-26254E6B97CA}.Release|Any CPU.Build.0 = Release|Any CPU
					{0D1E9E45-1139-42B1-945C-157B6C80D526}.Debug|Any CPU.ActiveCfg = Debug|Any CPU
					{0D1E9E45-1139-42B1-945C-157B6C80D526}.Debug|Any CPU.Build.0 = Debug|Any CPU
					{0D1E9E45-1139-42B1-945C-157B6C80D526}.Release|Any CPU.ActiveCfg = Release|Any CPU
					{0D1E9E45-1139-42B1-945C-157B6C80D526}.Release|Any CPU.Build.0 = Release|Any CPU
					{B1D08C3F-8FA3-4959-8EF0-2F9F7F46DC3A}.Debug|Any CPU.ActiveCfg = Debug|Any CPU
					{B1D08C3F-8FA3-4959-8EF0-2F9F7F46DC3A}.Debug|Any CPU.Build.0 = Debug|Any CPU
					{B1D08C3F-8FA3-4959-8EF0-2F9F7F46DC3A}.Release|Any CPU.ActiveCfg = Release|Any CPU
					{B1D08C3F-8FA3-4959-8EF0-2F9F7F46DC3A}.Release|Any CPU.Build.0 = Release|Any CPU
					{4C794195-4B72-4CBB-BF61-028833025E1C}.Debug|Any CPU.ActiveCfg = Debug|Any CPU
					{4C794195-4B72-4CBB-BF61-028833025E1C}.Debug|Any CPU.Build.0 = Debug|Any CPU
					{4C794195-4B72-4CBB-BF61-028833025E1C}.Release|Any CPU.ActiveCfg = Release|Any CPU
					{4C794195-4B72-4CBB-BF61-028833025E1C}.Release|Any CPU.Build.0 = Release|Any CPU
					{FCF4801B-FC1C-4715-B7BB-DAAF3E5E0700}.Debug|Any CPU.ActiveCfg = Debug|Any CPU
					{FCF4801B-FC1C-4715-B7BB-DAAF3E5E0700}.Debug|Any CPU.Build.0 = Debug|Any CPU
					{FCF4801B-FC1C-4715-B7BB-DAAF3E5E0700}.Release|Any CPU.ActiveCfg = Release|Any CPU
					{FCF4801B-FC1C-4715-B7BB-DAAF3E5E0700}.Release|Any CPU.Build.0 = Release|Any CPU
					{A8DBEAF7-B701-43A6-81F2-2BF2E1FFF574}.Debug|Any CPU.ActiveCfg = Debug|Any CPU
					{A8DBEAF7-B701-43A6-81F2-2BF2E1FFF574}.Debug|Any CPU.Build.0 = Debug|Any CPU
					{A8DBEAF7-B701-43A6-81F2-2BF2E1FFF574}.Release|Any CPU.ActiveCfg = Release|Any CPU
					{A8DBEAF7-B701-43A6-81F2-2BF2E1FFF574}.Release|Any CPU.Build.0 = Release|Any CPU
					{76A4D29F-106D-48CC-A90E-237B9A380CED}.Debug|Any CPU.ActiveCfg = Debug|Any CPU
					{76A4D29F-106D-48CC-A90E-237B9A380CED}.Debug|Any CPU.Build.0 = Debug|Any CPU
					{76A4D29F-106D-48CC-A90E-237B9A380CED}.Release|Any CPU.ActiveCfg = Release|Any CPU
					{76A4D29F-106D-48CC-A90E-237B9A380CED}.Release|Any CPU.Build.0 = Release|Any CPU
					{D32F1E47-24AD-4BBE-B025-6109BFC1FD7A}.Debug|Any CPU.ActiveCfg = Debug|Any CPU
					{D32F1E47-24AD-4BBE-B025-6109BFC1FD7A}.Debug|Any CPU.Build.0 = Debug|Any CPU
					{D32F1E47-24AD-4BBE-B025-6109BFC1FD7A}.Release|Any CPU.ActiveCfg = Release|Any CPU
					{D32F1E47-24AD-4BBE-B025-6109BFC1FD7A}.Release|Any CPU.Build.0 = Release|Any CPU
					{F986C723-4638-4800-BFF0-DA59B5CF3CB9}.Debug|Any CPU.ActiveCfg = Debug|Any CPU
					{F986C723-4638-4800-BFF0-DA59B5CF3CB9}.Debug|Any CPU.Build.0 = Debug|Any CPU
					{F986C723-4638-4800-BFF0-DA59B5CF3CB9}.Release|Any CPU.ActiveCfg = Release|Any CPU
					{F986C723-4638-4800-BFF0-DA59B5CF3CB9}.Release|Any CPU.Build.0 = Release|Any CPU
				EndGlobalSection
				GlobalSection(SolutionProperties) = preSolution
								HideSolutionNode = FALSE
				EndGlobalSection
	GlobalSection(NestedProjects) = preSolution
		{5498CD4B-C15A-47F1-A85B-917C4BACB335} = {3BB27DFA-1924-41B2-B7FB-253DD70969DD}
		{3B8A620A-56F2-422A-81CA-93A94426E7CA} = {3BB27DFA-1924-41B2-B7FB-253DD70969DD}
		{3BBBCD3C-A851-4117-9F13-FC2CA43BA9CB} = {3BB27DFA-1924-41B2-B7FB-253DD70969DD}
		{0024039A-630B-47C4-B088-B847DED181EE} = {6BB295EB-ABC1-4B3E-BED3-6EABC9D245EA}
		{2161BE15-078D-4594-AB6E-EE0EDD74856E} = {920FDA89-3E6F-4B68-B83E-073DA03DCE44}
		{3687684A-9CD0-4AB8-999F-9AE6C1391589} = {5955EC86-B466-4CD2-8304-1FCA4AFE8E2F}
		{7DE296F6-F055-4B5D-A9D0-FF410A5A1AF8} = {5955EC86-B466-4CD2-8304-1FCA4AFE8E2F}
		{41354E03-8F46-47D0-AB6E-628A67832FD8} = {A6D64D3F-4AD0-4DCA-B774-F526EF32DC5C}
		{CA11EFCF-AAD5-4907-A18E-A65465CE3AC3} = {A6D64D3F-4AD0-4DCA-B774-F526EF32DC5C}
		{E5D6159D-B8C6-47C9-9AB2-72163DCEEB6D} = {5955EC86-B466-4CD2-8304-1FCA4AFE8E2F}
		{12DDDC0A-472B-42B9-BEF1-E78F35A3091A} = {CF744F7C-DF0D-4AD9-A19D-F08F418D41C7}
		{A6D64D3F-4AD0-4DCA-B774-F526EF32DC5C} = {47341F65-D512-421C-809D-6BB36CE52C53}
		{5955EC86-B466-4CD2-8304-1FCA4AFE8E2F} = {47341F65-D512-421C-809D-6BB36CE52C53}
		{A91C72F6-EC8F-44E3-9C06-A0C792DE04B1} = {47341F65-D512-421C-809D-6BB36CE52C53}
		{920FDA89-3E6F-4B68-B83E-073DA03DCE44} = {47341F65-D512-421C-809D-6BB36CE52C53}
		{6BB295EB-ABC1-4B3E-BED3-6EABC9D245EA} = {47341F65-D512-421C-809D-6BB36CE52C53}
		{3BB27DFA-1924-41B2-B7FB-253DD70969DD} = {47341F65-D512-421C-809D-6BB36CE52C53}
		{647BF5D4-B836-44F3-AB2F-26254E6B97CA} = {CF744F7C-DF0D-4AD9-A19D-F08F418D41C7}
		{0D1E9E45-1139-42B1-945C-157B6C80D526} = {6BB295EB-ABC1-4B3E-BED3-6EABC9D245EA}
		{B1D08C3F-8FA3-4959-8EF0-2F9F7F46DC3A} = {6BB295EB-ABC1-4B3E-BED3-6EABC9D245EA}
		{69E5A151-D135-47D9-AF4D-26F8BC2A2CA9} = {6FC2BBD5-038B-42CC-8851-98D417A6BEF3}
		{FCF4801B-FC1C-4715-B7BB-DAAF3E5E0700} = {69E5A151-D135-47D9-AF4D-26F8BC2A2CA9}
		{4C794195-4B72-4CBB-BF61-028833025E1C} = {69E5A151-D135-47D9-AF4D-26F8BC2A2CA9}
		{A8DBEAF7-B701-43A6-81F2-2BF2E1FFF574} = {69E5A151-D135-47D9-AF4D-26F8BC2A2CA9}
		{231A6B7F-6825-4B29-A879-B539BDBCE0F7} = {69E5A151-D135-47D9-AF4D-26F8BC2A2CA9}
		{76A4D29F-106D-48CC-A90E-237B9A380CED} = {A91C72F6-EC8F-44E3-9C06-A0C792DE04B1}
		{D32F1E47-24AD-4BBE-B025-6109BFC1FD7A} = {A91C72F6-EC8F-44E3-9C06-A0C792DE04B1}
		{F986C723-4638-4800-BFF0-DA59B5CF3CB9} = {A91C72F6-EC8F-44E3-9C06-A0C792DE04B1}
	EndGlobalSection
EndGlobal
